
Microsoft Visual Studio Solution File, Format Version 12.00
# Visual Studio Version 17
VisualStudioVersion = 17.9.34728.123
MinimumVisualStudioVersion = 10.0.40219.1
Project("{888888A0-9F3D-457C-B088-3A5042F75D52}") = "Songs", "Songs.pyproj", "{025772EB-7B66-41DD-9AB9-696C4E9C3CCE}"
EndProject
Project("{2150E333-8FDC-42A3-9474-1A3956D46DE8}") = "Solution Items", "Solution Items", "{FA3A150B-ED6A-43E8-8288-1BFE7424FF02}"
	ProjectSection(SolutionItems) = preProject
		Web Script.js = Web Script.js
	EndProjectSection
EndProject
Global
	GlobalSection(SolutionConfigurationPlatforms) = preSolution
		Debug|Any CPU = Debug|Any CPU
		Release|Any CPU = Release|Any CPU
	EndGlobalSection
	GlobalSection(ProjectConfigurationPlatforms) = postSolution
		{025772EB-7B66-41DD-9AB9-696C4E9C3CCE}.Debug|Any CPU.ActiveCfg = Debug|Any CPU
		{025772EB-7B66-41DD-9AB9-696C4E9C3CCE}.Release|Any CPU.ActiveCfg = Release|Any CPU
	EndGlobalSection
	GlobalSection(SolutionProperties) = preSolution
		HideSolutionNode = FALSE
	EndGlobalSection
	GlobalSection(ExtensibilityGlobals) = postSolution
		SolutionGuid = {FE99F997-F3C2-48FF-8019-2BDF4CD3C741}
	EndGlobalSection
EndGlobal
